
Microsoft Visual Studio Solution File, Format Version 12.00
# Visual Studio Version 17
VisualStudioVersion = 17.7.34024.191
MinimumVisualStudioVersion = 10.0.40219.1
Project("{FAE04EC0-301F-11D3-BF4B-00C04F79EFBC}") = "FortniteOptimal", "FortniteOptimal\FortniteOptimal.csproj", "{D30BD48D-4779-4DC3-949A-A0AA31A2270F}"
EndProject
Global
	GlobalSection(SolutionConfigurationPlatforms) = preSolution
		Debug|Any CPU = Debug|Any CPU
		Release|Any CPU = Release|Any CPU
	EndGlobalSection
	GlobalSection(ProjectConfigurationPlatforms) = postSolution
		{D30BD48D-4779-4DC3-949A-A0AA31A2270F}.Debug|Any CPU.ActiveCfg = Debug|Any CPU
		{D30BD48D-4779-4DC3-949A-A0AA31A2270F}.Debug|Any CPU.Build.0 = Debug|Any CPU
		{D30BD48D-4779-4DC3-949A-A0AA31A2270F}.Release|Any CPU.ActiveCfg = Release|Any CPU
		{D30BD48D-4779-4DC3-949A-A0AA31A2270F}.Release|Any CPU.Build.0 = Release|Any CPU
	EndGlobalSection
	GlobalSection(SolutionProperties) = preSolution
		HideSolutionNode = FALSE
	EndGlobalSection
	GlobalSection(ExtensibilityGlobals) = postSolution
		SolutionGuid = {D4F0A177-9E6A-4E00-954F-B09CC5430ADF}
	EndGlobalSection
EndGlobal
